DEPENDENCIES
  os-hardening
    git: https://github.com/dev-sec/chef-os-hardening.git
    revision: f8772b628c98c6775f304d2e1f6b67fb256916b6
  upandfresh-apps
    path: .
    metadata: true

GRAPH
  apt (3.0.0)
  build-essential (6.0.4)
    compat_resource (>= 12.10)
    mingw (>= 1.1)
    seven_zip (>= 0.0.0)
  chef-sugar (3.4.0)
  chef_handler (1.4.0)
  collectd-ng (2.1.0)
    build-essential (>= 0.0.0)
    yum-epel (>= 0.0.0)
  compat_resource (12.14.0)
  filebeat (0.3.4)
    apt (>= 0.0.0)
    powershell (>= 0.0.0)
    windows (>= 0.0.0)
    yum (>= 0.0.0)
  iis (4.2.0)
    windows (>= 1.34.6)
  memcached (3.0.1)
    compat_resource (>= 12.10)
    runit (>= 1.2.0)
    yum-epel (>= 0.0.0)
  mingw (1.2.4)
    compat_resource (>= 0.0.0)
    seven_zip (>= 0.0.0)
  ms_dotnet (3.0.0)
    windows (>= 1.36.1)
  mysql (7.1.2)
    smf (>= 0.0.0)
    yum-mysql-community (>= 0.0.0)
  nginx (1.8.0)
    apt (>= 0.0.0)
    build-essential (>= 0.0.0)
    ohai (>= 1.1.4)
    runit (>= 0.0.0)
    yum (>= 0.0.0)
  nrpe (1.6.2)
    build-essential (>= 0.0.0)
    yum-epel (>= 0.0.0)
  ohai (4.2.0)
    compat_resource (>= 12.10)
  os-hardening (2.0.0-beta)
    apt (~> 3.0.0)
    sysctl (<= 0.7.5)
    yum (>= 0.0.0)
  packagecloud (0.2.5)
  php (1.10.1)
    build-essential (>= 0.0.0)
    iis (>= 0.0.0)
    mysql (>= 6.0.0)
    windows (>= 1.39.1)
    xml (>= 0.0.0)
    yum-epel (>= 0.0.0)
  powershell (5.0.0)
    chef_handler (>= 0.0.0)
    ms_dotnet (>= 2.6)
    windows (>= 1.44)
  rbac (1.0.3)
  redisio (2.4.2)
    build-essential (>= 0.0.0)
    ulimit (>= 0.1.2)
  runit (2.0.0)
    packagecloud (>= 0.0.0)
    yum-epel (>= 0.0.0)
  seven_zip (2.0.2)
    windows (>= 1.2.2)
  smf (2.2.8)
    rbac (>= 1.0.1)
  sysctl (0.7.0)
    ohai (>= 0.0.0)
  ulimit (0.4.0)
  upandfresh-apps (0.1.0)
    collectd-ng (>= 0.0.0)
    filebeat (>= 0.0.0)
    memcached (>= 0.0.0)
    mysql (< 7.2.0)
    nginx (>= 0.0.0)
    nrpe (>= 0.0.0)
    os-hardening (>= 0.0.0)
    php (>= 0.0.0)
    redisio (>= 0.0.0)
    yum (>= 0.0.0)
    yum-centos (>= 0.0.0)
    yum-elasticsearch (>= 0.0.0)
    yum-epel (>= 0.0.0)
    yum-nginx (>= 0.0.0)
    yum-remi (>= 0.0.0)
    zap (>= 0.0.0)
  windows (1.44.3)
    chef_handler (>= 0.0.0)
  xml (2.0.0)
    build-essential (>= 0.0.0)
    chef-sugar (>= 0.0.0)
  yum (3.12.0)
  yum-centos (0.4.13)
    yum (~> 3.10)
  yum-elasticsearch (0.2.6)
    yum (~> 3.2)
  yum-epel (0.7.1)
    yum (>= 3.6.3)
  yum-mysql-community (0.3.0)
    yum (>= 3.2)
  yum-nginx (0.1.0)
    yum (~> 3.6)
  yum-remi (0.1.0)
    yum (>= 0.0.0)
  zap (0.11.4)
